
Microsoft Visual Studio Solution File, Format Version 12.00
# Visual Studio Version 16
VisualStudioVersion = 16.0.30330.147
MinimumVisualStudioVersion = 10.0.40219.1
Project("{FAE04EC0-301F-11D3-BF4B-00C04F79EFBC}") = "WebApplication2", "WebApplication2.csproj", "{C94AA121-A574-4A4A-A553-0779F07F1A4A}"
EndProject
Global
	GlobalSection(SolutionConfigurationPlatforms) = preSolution
		Debug|Any CPU = Debug|Any CPU
		Release|Any CPU = Release|Any CPU
	EndGlobalSection
	GlobalSection(ProjectConfigurationPlatforms) = postSolution
		{C94AA121-A574-4A4A-A553-0779F07F1A4A}.Debug|Any CPU.ActiveCfg = Debug|Any CPU
		{C94AA121-A574-4A4A-A553-0779F07F1A4A}.Debug|Any CPU.Build.0 = Debug|Any CPU
		{C94AA121-A574-4A4A-A553-0779F07F1A4A}.Release|Any CPU.ActiveCfg = Release|Any CPU
		{C94AA121-A574-4A4A-A553-0779F07F1A4A}.Release|Any CPU.Build.0 = Release|Any CPU
	EndGlobalSection
	GlobalSection(SolutionProperties) = preSolution
		HideSolutionNode = FALSE
	EndGlobalSection
	GlobalSection(ExtensibilityGlobals) = postSolution
		SolutionGuid = {4CE74BBF-EABF-4C9E-A869-05168749E3D7}
	EndGlobalSection
EndGlobal
